{
  "version": 4,
  "terraform_version": "1.9.4",
  "serial": 13,
  "lineage": "3138df33-93db-c037-6ff1-a40d5cdf38fa",
  "outputs": {
    "user_pool_client_id": {
      "value": "2np9et9p906loo72bthb8afuqa",
      "type": "string"
    },
    "user_pool_domain": {
      "value": "yolodex--signin",
      "type": "string"
    },
    "user_pool_id": {
      "value": "ap-southeast-2_mNSNz0qfR",
      "type": "string"
    }
  },
  "resources": [
    {
      "mode": "managed",
      "type": "aws_cognito_user_pool",
      "name": "example",
      "provider": "provider[\"registry.terraform.io/hashicorp/aws\"]",
      "instances": [
        {
          "schema_version": 0,
          "attributes": {
            "account_recovery_setting": [
              {
                "recovery_mechanism": [
                  {
                    "name": "verified_email",
                    "priority": 1
                  },
                  {
                    "name": "verified_phone_number",
                    "priority": 2
                  }
                ]
              }
            ],
            "admin_create_user_config": [
              {
                "allow_admin_create_user_only": false,
                "invite_message_template": []
              }
            ],
            "alias_attributes": null,
            "arn": "arn:aws:cognito-idp:ap-southeast-2:654654317148:userpool/ap-southeast-2_mNSNz0qfR",
            "auto_verified_attributes": [
              "email"
            ],
            "creation_date": "2024-08-14T22:58:51Z",
            "custom_domain": "",
            "deletion_protection": "INACTIVE",
            "device_configuration": [],
            "domain": "",
            "email_configuration": [
              {
                "configuration_set": "",
                "email_sending_account": "COGNITO_DEFAULT",
                "from_email_address": "",
                "reply_to_email_address": "",
                "source_arn": ""
              }
            ],
            "email_verification_message": "",
            "email_verification_subject": "",
            "endpoint": "cognito-idp.ap-southeast-2.amazonaws.com/ap-southeast-2_mNSNz0qfR",
            "estimated_number_of_users": 0,
            "id": "ap-southeast-2_mNSNz0qfR",
            "lambda_config": [],
            "last_modified_date": "2024-08-14T23:00:31Z",
            "mfa_configuration": "OFF",
            "name": "yolodex.users",
            "password_policy": [
              {
                "minimum_length": 8,
                "require_lowercase": true,
                "require_numbers": true,
                "require_symbols": false,
                "require_uppercase": true,
                "temporary_password_validity_days": 7
              }
            ],
            "schema": [],
            "sms_authentication_message": "",
            "sms_configuration": [],
            "sms_verification_message": "",
            "software_token_mfa_configuration": [],
            "tags": {},
            "tags_all": {},
            "user_attribute_update_settings": [],
            "user_pool_add_ons": [],
            "username_attributes": [],
            "username_configuration": [],
            "verification_message_template": [
              {
                "default_email_option": "CONFIRM_WITH_CODE",
                "email_message": "",
                "email_message_by_link": "",
                "email_subject": "",
                "email_subject_by_link": "",
                "sms_message": ""
              }
            ]
          },
          "sensitive_attributes": [],
          "private": "bnVsbA=="
        }
      ]
    },
    {
      "mode": "managed",
      "type": "aws_cognito_user_pool_client",
      "name": "example",
      "provider": "provider[\"registry.terraform.io/hashicorp/aws\"]",
      "instances": [
        {
          "schema_version": 0,
          "attributes": {
            "access_token_validity": 0,
            "allowed_oauth_flows": [
              "code"
            ],
            "allowed_oauth_flows_user_pool_client": true,
            "allowed_oauth_scopes": [
              "email",
              "openid",
              "profile"
            ],
            "analytics_configuration": [],
            "auth_session_validity": 3,
            "callback_urls": [
              "https://127.0.0.1:5000/callback"
            ],
            "client_secret": "",
            "default_redirect_uri": "",
            "enable_propagate_additional_user_context_data": false,
            "enable_token_revocation": true,
            "explicit_auth_flows": [],
            "generate_secret": null,
            "id": "2np9et9p906loo72bthb8afuqa",
            "id_token_validity": 0,
            "logout_urls": [
              "https://127.0.0.1:5000/logout"
            ],
            "name": "yolodex.users",
            "prevent_user_existence_errors": "ENABLED",
            "read_attributes": [],
            "refresh_token_validity": 30,
            "supported_identity_providers": [
              "COGNITO"
            ],
            "token_validity_units": [],
            "user_pool_id": "ap-southeast-2_mNSNz0qfR",
            "write_attributes": []
          },
          "sensitive_attributes": [
            [
              {
                "type": "get_attr",
                "value": "client_secret"
              }
            ]
          ],
          "dependencies": [
            "aws_cognito_user_pool.example"
          ]
        }
      ]
    },
    {
      "mode": "managed",
      "type": "aws_cognito_user_pool_domain",
      "name": "example",
      "provider": "provider[\"registry.terraform.io/hashicorp/aws\"]",
      "instances": [
        {
          "schema_version": 0,
          "attributes": {
            "aws_account_id": "654654317148",
            "certificate_arn": "",
            "cloudfront_distribution": "d18k7b2git647n.cloudfront.net",
            "cloudfront_distribution_arn": "d18k7b2git647n.cloudfront.net",
            "cloudfront_distribution_zone_id": "Z2FDTNDATAQYW2",
            "domain": "yolodex--signin",
            "id": "yolodex--signin",
            "s3_bucket": "aws-cognito-prod-syd-assets",
            "user_pool_id": "ap-southeast-2_mNSNz0qfR",
            "version": "20240814230032"
          },
          "sensitive_attributes": [],
          "private": "bnVsbA==",
          "dependencies": [
            "aws_cognito_user_pool.example"
          ]
        }
      ]
    }
  ],
  "check_results": null
}
